<?xml version="1.0" encoding="utf-8"?>
<Project ToolsVersion="4.0" xmlns="http://schemas.microsoft.com/developer/msbuild/2003">
  <ItemGroup>
    <Filter Include="Source Files">
      <UniqueIdentifier>{4FC737F1-C7A5-4376-A066-2A32D752A2FF}</UniqueIdentifier>
      <Extensions>cpp;c;cc;cxx;c++;cppm;ixx;def;odl;idl;hpj;bat;asm;asmx</Extensions>
    </Filter>
    <Filter Include="Header Files">
      <UniqueIdentifier>{93995380-89BD-4b04-88EB-625FBE52EBFB}</UniqueIdentifier>
      <Extensions>h;hh;hpp;hxx;h++;hm;inl;inc;ipp;xsd</Extensions>
    </Filter>
    <Filter Include="Resource Files">
      <UniqueIdentifier>{67DA6AB6-F800-4c08-8B7A-83BB121AAD01}</UniqueIdentifier>
      <Extensions>rc;ico;cur;bmp;dlg;rc2;rct;bin;rgs;gif;jpg;jpeg;jpe;resx;tiff;tif;png;wav;mfcribbon-ms</Extensions>
    </Filter>
  </ItemGroup>
  <ItemGroup>
    <None Include="packages.config" />
  </ItemGroup>
  <ItemGroup>
    <ClInclude Include="Utilities\ArgumentParser.h">
      <Filter>Header Files</Filter>
    </ClInclude>
    <ClInclude Include="Utilities\Stopwatch.h">
      <Filter>Header Files</Filter>
    </ClInclude>
    <ClInclude Include="Utilities\LoopingThread.h">
      <Filter>Header Files</Filter>
    </ClInclude>
    <ClInclude Include="Utilities\ThreadingResource.h">
      <Filter>Header Files</Filter>
    </ClInclude>
    <ClInclude Include="Utilities\Randomizer.h">
      <Filter>Header Files</Filter>
    </ClInclude>
    <ClInclude Include="Core\EngineBase.h">
      <Filter>Header Files</Filter>
    </ClInclude>
    <ClInclude Include="Core\WorldBase.h">
      <Filter>Header Files</Filter>
    </ClInclude>
    <ClInclude Include="Core\ControllerBase.h">
      <Filter>Header Files</Filter>
    </ClInclude>
    <ClInclude Include="Core\InputManager.h">
      <Filter>Header Files</Filter>
    </ClInclude>
    <ClInclude Include="Settings\EngineBaseSettings.h">
      <Filter>Header Files</Filter>
    </ClInclude>
    <ClInclude Include="Settings\WindowSettings.h">
      <Filter>Header Files</Filter>
    </ClInclude>
    <ClInclude Include="Settings\json.hpp">
      <Filter>Header Files</Filter>
    </ClInclude>
    <ClInclude Include="Settings\ActorManagerSettings.h">
      <Filter>Header Files</Filter>
    </ClInclude>
    <ClInclude Include="Settings\BasicSFMLTypesToJson.h">
      <Filter>Header Files</Filter>
    </ClInclude>
    <ClInclude Include="Settings\SettingsSerializer.h">
      <Filter>Header Files</Filter>
    </ClInclude>
    <ClInclude Include="Objects\Actor.h">
      <Filter>Header Files</Filter>
    </ClInclude>
    <ClInclude Include="Objects\AnimatedActor.h">
      <Filter>Header Files</Filter>
    </ClInclude>
    <ClInclude Include="Objects\ControlledActor.h">
      <Filter>Header Files</Filter>
    </ClInclude>
    <ClInclude Include="Objects\Components\ActorComponent.h">
      <Filter>Header Files</Filter>
    </ClInclude>
    <ClInclude Include="Core\WorldBaseComponent.h">
      <Filter>Header Files</Filter>
    </ClInclude>
    <ClInclude Include="Settings\ActorSettings.h">
      <Filter>Header Files</Filter>
    </ClInclude>
    <ClInclude Include="Settings\TextureSettings.h">
      <Filter>Header Files</Filter>
    </ClInclude>
    <ClInclude Include="Core\ActorManager.h">
      <Filter>Header Files</Filter>
    </ClInclude>
    <ClInclude Include="Objects\Components\ColliderComponent.h">
      <Filter>Header Files</Filter>
    </ClInclude>
    <ClInclude Include="Objects\Components\AnimationComponent.h">
      <Filter>Header Files</Filter>
    </ClInclude>
    <ClInclude Include="Settings\AnimationSettings.h">
      <Filter>Header Files</Filter>
    </ClInclude>
  </ItemGroup>
  <ItemGroup>
    <ClCompile Include="Utilities\ArgumentParser.cpp">
      <Filter>Source Files</Filter>
    </ClCompile>
    <ClCompile Include="Utilities\Stopwatch.cpp">
      <Filter>Source Files</Filter>
    </ClCompile>
    <ClCompile Include="Utilities\LoopingThread.cpp">
      <Filter>Source Files</Filter>
    </ClCompile>
    <ClCompile Include="Utilities\Randomizer.cpp">
      <Filter>Source Files</Filter>
    </ClCompile>
    <ClCompile Include="Core\EngineBase.cpp">
      <Filter>Source Files</Filter>
    </ClCompile>
    <ClCompile Include="Core\WorldBase.cpp">
      <Filter>Source Files</Filter>
    </ClCompile>
    <ClCompile Include="Core\ControllerBase.cpp">
      <Filter>Source Files</Filter>
    </ClCompile>
    <ClCompile Include="Core\InputManager.cpp">
      <Filter>Source Files</Filter>
    </ClCompile>
    <ClCompile Include="Objects\Actor.cpp">
      <Filter>Source Files</Filter>
    </ClCompile>
    <ClCompile Include="Objects\AnimatedActor.cpp">
      <Filter>Source Files</Filter>
    </ClCompile>
    <ClCompile Include="Objects\ControlledActor.cpp">
      <Filter>Source Files</Filter>
    </ClCompile>
    <ClCompile Include="Objects\Components\ActorComponent.cpp">
      <Filter>Source Files</Filter>
    </ClCompile>
    <ClCompile Include="Core\WorldBaseComponent.cpp">
      <Filter>Source Files</Filter>
    </ClCompile>
    <ClCompile Include="Core\ActorManager.cpp">
      <Filter>Source Files</Filter>
    </ClCompile>
    <ClCompile Include="Objects\Components\ColliderComponent.cpp">
      <Filter>Source Files</Filter>
    </ClCompile>
    <ClCompile Include="Objects\Components\AnimationComponent.cpp">
      <Filter>Source Files</Filter>
    </ClCompile>
  </ItemGroup>
</Project>